
Microsoft Visual Studio Solution File, Format Version 12.00
# Visual Studio Version 16
VisualStudioVersion = 16.0.29709.97
MinimumVisualStudioVersion = 10.0.40219.1
Project("{FAE04EC0-301F-11D3-BF4B-00C04F79EFBC}") = "RefValue", "RefValue\RefValue.csproj", "{33CD5925-4A32-4146-A824-B176B9CBDB63}"
EndProject
Global
	GlobalSection(SolutionConfigurationPlatforms) = preSolution
		Debug|Any CPU = Debug|Any CPU
		Release|Any CPU = Release|Any CPU
	EndGlobalSection
	GlobalSection(ProjectConfigurationPlatforms) = postSolution
		{33CD5925-4A32-4146-A824-B176B9CBDB63}.Debug|Any CPU.ActiveCfg = Debug|Any CPU
		{33CD5925-4A32-4146-A824-B176B9CBDB63}.Debug|Any CPU.Build.0 = Debug|Any CPU
		{33CD5925-4A32-4146-A824-B176B9CBDB63}.Release|Any CPU.ActiveCfg = Release|Any CPU
		{33CD5925-4A32-4146-A824-B176B9CBDB63}.Release|Any CPU.Build.0 = Release|Any CPU
	EndGlobalSection
	GlobalSection(SolutionProperties) = preSolution
		HideSolutionNode = FALSE
	EndGlobalSection
	GlobalSection(ExtensibilityGlobals) = postSolution
		SolutionGuid = {76996FB5-46CA-44F1-AB46-81E592A987A0}
	EndGlobalSection
EndGlobal
