
Microsoft Visual Studio Solution File, Format Version 12.00
# Visual Studio Version 16
VisualStudioVersion = 16.0.29709.97
MinimumVisualStudioVersion = 10.0.40219.1
Project("{FAE04EC0-301F-11D3-BF4B-00C04F79EFBC}") = "SearchFilter", "SearchFilter\SearchFilter.csproj", "{0D923323-427D-41C9-90E3-04C70AA8FD93}"
EndProject
Project("{FAE04EC0-301F-11D3-BF4B-00C04F79EFBC}") = "MultipleProperties", "MultipleProperties\MultipleProperties.csproj", "{A5C9F36E-51BD-4562-BDEB-E447F8DA7FC7}"
EndProject
Global
	GlobalSection(SolutionConfigurationPlatforms) = preSolution
		Debug|Any CPU = Debug|Any CPU
		Release|Any CPU = Release|Any CPU
	EndGlobalSection
	GlobalSection(ProjectConfigurationPlatforms) = postSolution
		{0D923323-427D-41C9-90E3-04C70AA8FD93}.Debug|Any CPU.ActiveCfg = Debug|Any CPU
		{0D923323-427D-41C9-90E3-04C70AA8FD93}.Debug|Any CPU.Build.0 = Debug|Any CPU
		{0D923323-427D-41C9-90E3-04C70AA8FD93}.Release|Any CPU.ActiveCfg = Release|Any CPU
		{0D923323-427D-41C9-90E3-04C70AA8FD93}.Release|Any CPU.Build.0 = Release|Any CPU
		{A5C9F36E-51BD-4562-BDEB-E447F8DA7FC7}.Debug|Any CPU.ActiveCfg = Debug|Any CPU
		{A5C9F36E-51BD-4562-BDEB-E447F8DA7FC7}.Debug|Any CPU.Build.0 = Debug|Any CPU
		{A5C9F36E-51BD-4562-BDEB-E447F8DA7FC7}.Release|Any CPU.ActiveCfg = Release|Any CPU
		{A5C9F36E-51BD-4562-BDEB-E447F8DA7FC7}.Release|Any CPU.Build.0 = Release|Any CPU
	EndGlobalSection
	GlobalSection(SolutionProperties) = preSolution
		HideSolutionNode = FALSE
	EndGlobalSection
	GlobalSection(ExtensibilityGlobals) = postSolution
		SolutionGuid = {5CCE1C6C-50CC-4454-B763-CFDC371D6001}
	EndGlobalSection
EndGlobal
