
Microsoft Visual Studio Solution File, Format Version 12.00
# Visual Studio Version 16
VisualStudioVersion = 16.0.29709.97
MinimumVisualStudioVersion = 10.0.40219.1
Project("{FAE04EC0-301F-11D3-BF4B-00C04F79EFBC}") = "Directive", "Directive\Directive.csproj", "{146A6AA5-2B84-4A81-8F64-C3ED90B80643}"
EndProject
Global
	GlobalSection(SolutionConfigurationPlatforms) = preSolution
		Debug|Any CPU = Debug|Any CPU
		Release|Any CPU = Release|Any CPU
	EndGlobalSection
	GlobalSection(ProjectConfigurationPlatforms) = postSolution
		{146A6AA5-2B84-4A81-8F64-C3ED90B80643}.Debug|Any CPU.ActiveCfg = Debug|Any CPU
		{146A6AA5-2B84-4A81-8F64-C3ED90B80643}.Debug|Any CPU.Build.0 = Debug|Any CPU
		{146A6AA5-2B84-4A81-8F64-C3ED90B80643}.Release|Any CPU.ActiveCfg = Release|Any CPU
		{146A6AA5-2B84-4A81-8F64-C3ED90B80643}.Release|Any CPU.Build.0 = Release|Any CPU
	EndGlobalSection
	GlobalSection(SolutionProperties) = preSolution
		HideSolutionNode = FALSE
	EndGlobalSection
	GlobalSection(ExtensibilityGlobals) = postSolution
		SolutionGuid = {E9A651D4-2CA9-4A7E-81C0-7DE32424C6A5}
	EndGlobalSection
EndGlobal
