
Microsoft Visual Studio Solution File, Format Version 12.00
# Visual Studio Version 16
VisualStudioVersion = 16.0.29709.97
MinimumVisualStudioVersion = 10.0.40219.1
Project("{FAE04EC0-301F-11D3-BF4B-00C04F79EFBC}") = "CustomFilter", "CustomFilter\CustomFilter.csproj", "{DED8AC20-3B68-4EFD-A373-0142778042D2}"
EndProject
Global
	GlobalSection(SolutionConfigurationPlatforms) = preSolution
		Debug|Any CPU = Debug|Any CPU
		Release|Any CPU = Release|Any CPU
	EndGlobalSection
	GlobalSection(ProjectConfigurationPlatforms) = postSolution
		{DED8AC20-3B68-4EFD-A373-0142778042D2}.Debug|Any CPU.ActiveCfg = Debug|Any CPU
		{DED8AC20-3B68-4EFD-A373-0142778042D2}.Debug|Any CPU.Build.0 = Debug|Any CPU
		{DED8AC20-3B68-4EFD-A373-0142778042D2}.Release|Any CPU.ActiveCfg = Release|Any CPU
		{DED8AC20-3B68-4EFD-A373-0142778042D2}.Release|Any CPU.Build.0 = Release|Any CPU
	EndGlobalSection
	GlobalSection(SolutionProperties) = preSolution
		HideSolutionNode = FALSE
	EndGlobalSection
	GlobalSection(ExtensibilityGlobals) = postSolution
		SolutionGuid = {AC59AA42-854D-464D-9395-0DA5071DA139}
	EndGlobalSection
EndGlobal
