
Microsoft Visual Studio Solution File, Format Version 12.00
# Visual Studio Version 16
VisualStudioVersion = 16.0.29709.97
MinimumVisualStudioVersion = 10.0.40219.1
Project("{FAE04EC0-301F-11D3-BF4B-00C04F79EFBC}") = "AnchorscrollWithDatabaseData", "AnchorscrollWithDatabaseData\AnchorscrollWithDatabaseData.csproj", "{08662C98-2712-45AA-BE7E-3AB81262D9CF}"
EndProject
Global
	GlobalSection(SolutionConfigurationPlatforms) = preSolution
		Debug|Any CPU = Debug|Any CPU
		Release|Any CPU = Release|Any CPU
	EndGlobalSection
	GlobalSection(ProjectConfigurationPlatforms) = postSolution
		{08662C98-2712-45AA-BE7E-3AB81262D9CF}.Debug|Any CPU.ActiveCfg = Debug|Any CPU
		{08662C98-2712-45AA-BE7E-3AB81262D9CF}.Debug|Any CPU.Build.0 = Debug|Any CPU
		{08662C98-2712-45AA-BE7E-3AB81262D9CF}.Release|Any CPU.ActiveCfg = Release|Any CPU
		{08662C98-2712-45AA-BE7E-3AB81262D9CF}.Release|Any CPU.Build.0 = Release|Any CPU
	EndGlobalSection
	GlobalSection(SolutionProperties) = preSolution
		HideSolutionNode = FALSE
	EndGlobalSection
	GlobalSection(ExtensibilityGlobals) = postSolution
		SolutionGuid = {E3F13504-F200-4134-86ED-07E6A66322F3}
	EndGlobalSection
EndGlobal
